
Microsoft Visual Studio Solution File, Format Version 12.00
# Visual Studio Version 16
VisualStudioVersion = 16.0.30114.105
MinimumVisualStudioVersion = 10.0.40219.1
Project("{FAE04EC0-301F-11D3-BF4B-00C04F79EFBC}") = "CollectionExamples", "CollectionExamples\CollectionExamples.csproj", "{0F271367-AFD2-400C-8722-5474E3169F4E}"
EndProject
Global
	GlobalSection(SolutionConfigurationPlatforms) = preSolution
		Debug|Any CPU = Debug|Any CPU
		Release|Any CPU = Release|Any CPU
	EndGlobalSection
	GlobalSection(ProjectConfigurationPlatforms) = postSolution
		{0F271367-AFD2-400C-8722-5474E3169F4E}.Debug|Any CPU.ActiveCfg = Debug|Any CPU
		{0F271367-AFD2-400C-8722-5474E3169F4E}.Debug|Any CPU.Build.0 = Debug|Any CPU
		{0F271367-AFD2-400C-8722-5474E3169F4E}.Release|Any CPU.ActiveCfg = Release|Any CPU
		{0F271367-AFD2-400C-8722-5474E3169F4E}.Release|Any CPU.Build.0 = Release|Any CPU
	EndGlobalSection
	GlobalSection(SolutionProperties) = preSolution
		HideSolutionNode = FALSE
	EndGlobalSection
	GlobalSection(ExtensibilityGlobals) = postSolution
		SolutionGuid = {02CB3B1D-773C-44C7-9E18-36C52A7699C2}
	EndGlobalSection
EndGlobal
